
Microsoft Visual Studio Solution File, Format Version 12.00
# Visual Studio Version 17
VisualStudioVersion = 17.7.34031.279
MinimumVisualStudioVersion = 10.0.40219.1
Project("{8BC9CEB8-8B4A-11D0-8D11-00A0C91BC942}") = "5HW28.10.2023", "5HW28.10.2023\5HW28.10.2023.vcxproj", "{976E0A96-BFD6-4E3C-AEE0-0A31B70E4F25}"
EndProject
Global
	GlobalSection(SolutionConfigurationPlatforms) = preSolution
		Debug|x64 = Debug|x64
		Debug|x86 = Debug|x86
		Release|x64 = Release|x64
		Release|x86 = Release|x86
	EndGlobalSection
	GlobalSection(ProjectConfigurationPlatforms) = postSolution
		{976E0A96-BFD6-4E3C-AEE0-0A31B70E4F25}.Debug|x64.ActiveCfg = Debug|x64
		{976E0A96-BFD6-4E3C-AEE0-0A31B70E4F25}.Debug|x64.Build.0 = Debug|x64
		{976E0A96-BFD6-4E3C-AEE0-0A31B70E4F25}.Debug|x86.ActiveCfg = Debug|Win32
		{976E0A96-BFD6-4E3C-AEE0-0A31B70E4F25}.Debug|x86.Build.0 = Debug|Win32
		{976E0A96-BFD6-4E3C-AEE0-0A31B70E4F25}.Release|x64.ActiveCfg = Release|x64
		{976E0A96-BFD6-4E3C-AEE0-0A31B70E4F25}.Release|x64.Build.0 = Release|x64
		{976E0A96-BFD6-4E3C-AEE0-0A31B70E4F25}.Release|x86.ActiveCfg = Release|Win32
		{976E0A96-BFD6-4E3C-AEE0-0A31B70E4F25}.Release|x86.Build.0 = Release|Win32
	EndGlobalSection
	GlobalSection(SolutionProperties) = preSolution
		HideSolutionNode = FALSE
	EndGlobalSection
	GlobalSection(ExtensibilityGlobals) = postSolution
		SolutionGuid = {FAF2439D-CF1E-4A06-88D0-90B65846F8E7}
	EndGlobalSection
EndGlobal
